
Microsoft Visual Studio Solution File, Format Version 12.00
# Visual Studio 15
VisualStudioVersion = 15.0.28010.2026
MinimumVisualStudioVersion = 10.0.40219.1
Project("{FAE04EC0-301F-11D3-BF4B-00C04F79EFBC}") = "Stage1Dropper", "Stage1Dropper\Stage1Dropper.csproj", "{C653A9F2-0939-43C8-9B93-FED5E2E4C7E6}"
EndProject
Project("{FAE04EC0-301F-11D3-BF4B-00C04F79EFBC}") = "Stage2Malware", "Stage2Malware\Stage2Malware.csproj", "{48DFC55E-6AE5-4A36-ABEF-14BC09D7510B}"
EndProject
Global
	GlobalSection(SolutionConfigurationPlatforms) = preSolution
		Debug|Any CPU = Debug|Any CPU
		Release|Any CPU = Release|Any CPU
	EndGlobalSection
	GlobalSection(ProjectConfigurationPlatforms) = postSolution
		{C653A9F2-0939-43C8-9B93-FED5E2E4C7E6}.Debug|Any CPU.ActiveCfg = Debug|Any CPU
		{C653A9F2-0939-43C8-9B93-FED5E2E4C7E6}.Debug|Any CPU.Build.0 = Debug|Any CPU
		{C653A9F2-0939-43C8-9B93-FED5E2E4C7E6}.Release|Any CPU.ActiveCfg = Release|Any CPU
		{C653A9F2-0939-43C8-9B93-FED5E2E4C7E6}.Release|Any CPU.Build.0 = Release|Any CPU
		{48DFC55E-6AE5-4A36-ABEF-14BC09D7510B}.Debug|Any CPU.ActiveCfg = Debug|Any CPU
		{48DFC55E-6AE5-4A36-ABEF-14BC09D7510B}.Debug|Any CPU.Build.0 = Debug|Any CPU
		{48DFC55E-6AE5-4A36-ABEF-14BC09D7510B}.Release|Any CPU.ActiveCfg = Release|Any CPU
		{48DFC55E-6AE5-4A36-ABEF-14BC09D7510B}.Release|Any CPU.Build.0 = Release|Any CPU
	EndGlobalSection
	GlobalSection(SolutionProperties) = preSolution
		HideSolutionNode = FALSE
	EndGlobalSection
	GlobalSection(ExtensibilityGlobals) = postSolution
		SolutionGuid = {4B15F2D2-7724-4169-9D84-4EB2C2A5D865}
	EndGlobalSection
EndGlobal
